<?xml version="1.0" encoding="utf-8"?>
<Project ToolsVersion="4.0" xmlns="http://schemas.microsoft.com/developer/msbuild/2003">
  <ItemGroup>
    <Filter Include="Game">
      <UniqueIdentifier>{f665c6a8-f9e5-4c65-86ee-9d12b7dd99b0}</UniqueIdentifier>
    </Filter>
    <Filter Include="Windows">
      <UniqueIdentifier>{7f0a0aff-2ff3-45ec-890e-98e3ef23a74f}</UniqueIdentifier>
    </Filter>
    <Filter Include="ErrorLogging">
      <UniqueIdentifier>{d2523ffc-52c2-4dfd-beb7-9f301c4895a9}</UniqueIdentifier>
    </Filter>
  </ItemGroup>
  <ItemGroup>
    <ClCompile Include="WinMain.cpp">
      <Filter>Windows</Filter>
    </ClCompile>
    <ClCompile Include="Game.cpp">
      <Filter>Game</Filter>
    </ClCompile>
    <ClCompile Include="Window.cpp">
      <Filter>Windows</Filter>
    </ClCompile>
    <ClCompile Include="EventHandler.cpp">
      <Filter>Game</Filter>
    </ClCompile>
    <ClCompile Include="Exceptions.cpp">
      <Filter>ErrorLogging</Filter>
    </ClCompile>
  </ItemGroup>
  <ItemGroup>
    <ClInclude Include="Game.h">
      <Filter>Game</Filter>
    </ClInclude>
    <ClInclude Include="Winbrew.h">
      <Filter>Windows</Filter>
    </ClInclude>
    <ClInclude Include="Window.h">
      <Filter>Windows</Filter>
    </ClInclude>
    <ClInclude Include="EventHandler.h">
      <Filter>Game</Filter>
    </ClInclude>
    <ClInclude Include="Exceptions.h">
      <Filter>ErrorLogging</Filter>
    </ClInclude>
  </ItemGroup>
</Project>