<?xml version="1.0" encoding="utf-8"?>
<Project ToolsVersion="4.0" xmlns="http://schemas.microsoft.com/developer/msbuild/2003">
  <ItemGroup>
    <Filter Include="Resources">
      <UniqueIdentifier>{a9339f37-3691-47d4-b4fa-29c5c3a77b30}</UniqueIdentifier>
    </Filter>
    <Filter Include="Code">
      <UniqueIdentifier>{5521d23e-bf0b-4bf3-9d16-5037ae6504e0}</UniqueIdentifier>
    </Filter>
    <Filter Include="Code\Windows">
      <UniqueIdentifier>{7f0a0aff-2ff3-45ec-890e-98e3ef23a74f}</UniqueIdentifier>
    </Filter>
    <Filter Include="Code\ErrorLogging">
      <UniqueIdentifier>{d2523ffc-52c2-4dfd-beb7-9f301c4895a9}</UniqueIdentifier>
    </Filter>
    <Filter Include="Code\Game">
      <UniqueIdentifier>{f665c6a8-f9e5-4c65-86ee-9d12b7dd99b0}</UniqueIdentifier>
    </Filter>
    <Filter Include="Code\timing">
      <UniqueIdentifier>{e2830985-ad4f-4cdb-80c3-e39abca3d6fd}</UniqueIdentifier>
    </Filter>
  </ItemGroup>
  <ItemGroup>
    <ClCompile Include="WinMain.cpp">
      <Filter>Code\Windows</Filter>
    </ClCompile>
    <ClCompile Include="Game.cpp">
      <Filter>Code\Game</Filter>
    </ClCompile>
    <ClCompile Include="Window.cpp">
      <Filter>Code\Windows</Filter>
    </ClCompile>
    <ClCompile Include="EventHandler.cpp">
      <Filter>Code\Game</Filter>
    </ClCompile>
    <ClCompile Include="Exceptions.cpp">
      <Filter>Code\ErrorLogging</Filter>
    </ClCompile>
    <ClCompile Include="Timing.cpp">
      <Filter>Code\timing</Filter>
    </ClCompile>
  </ItemGroup>
  <ItemGroup>
    <ClInclude Include="Game.h">
      <Filter>Code\Game</Filter>
    </ClInclude>
    <ClInclude Include="Winbrew.h">
      <Filter>Code\Windows</Filter>
    </ClInclude>
    <ClInclude Include="Window.h">
      <Filter>Code\Windows</Filter>
    </ClInclude>
    <ClInclude Include="EventHandler.h">
      <Filter>Code\Game</Filter>
    </ClInclude>
    <ClInclude Include="Exceptions.h">
      <Filter>Code\ErrorLogging</Filter>
    </ClInclude>
    <ClInclude Include="Timing.h">
      <Filter>Code\timing</Filter>
    </ClInclude>
  </ItemGroup>
</Project>